lockfileVersion: 5.3

specifiers:
  vitepress: ^0.20.1

dependencies:
  vitepress: registry.npmmirror.com/vitepress/0.20.1

packages:

  registry.nlark.com/@francoischalifour/autocomplete-core/1.0.0-alpha.28:
    resolution: {integrity: sha1-a52EkSiOd/gx6bNF1GFiOw0/UAU=, registry: http://registry.npm.taobao.org/, tarball: https://registry.nlark.com/@francoischalifour/autocomplete-core/download/@francoischalifour/autocomplete-core-1.0.0-alpha.28.tgz}
    name: '@francoischalifour/autocomplete-core'
    version: 1.0.0-alpha.28
    dev: false

  registry.nlark.com/@francoischalifour/autocomplete-preset-algolia/1.0.0-alpha.28:
    resolution: {integrity: sha1-pa15lvQuQ+Ssu04AENZjdG0OmZc=, registry: http://registry.npm.taobao.org/, tarball: https://registry.nlark.com/@francoischalifour/autocomplete-preset-algolia/download/@francoischalifour/autocomplete-preset-algolia-1.0.0-alpha.28.tgz}
    name: '@francoischalifour/autocomplete-preset-algolia'
    version: 1.0.0-alpha.28
    dev: false

  registry.nlark.com/estree-walker/2.0.2:
    resolution: {integrity: sha1-UvAQF4wqTBF6d1fP6UKtt9LaTKw=, registry: http://registry.npm.taobao.org/, tarball: https://registry.nlark.com/estree-walker/download/estree-walker-2.0.2.tgz}
    name: estree-walker
    version: 2.0.2
    dev: false

  registry.nlark.com/function-bind/1.1.1:
    resolution: {integrity: sha1-pWiZ0+o8m6uHS7l3O3xe3pL0iV0=, registry: http://registry.npm.taobao.org/, tarball: https://registry.nlark.com/function-bind/download/function-bind-1.1.1.tgz}
    name: function-bind
    version: 1.1.1
    dev: false

  registry.nlark.com/has/1.0.3:
    resolution: {integrity: sha1-ci18v8H2qoJB8W3YFOAR4fQeh5Y=, registry: http://registry.npm.taobao.org/, tarball: https://registry.nlark.com/has/download/has-1.0.3.tgz}
    name: has
    version: 1.0.3
    engines: {node: '>= 0.4.0'}
    dependencies:
      function-bind: registry.nlark.com/function-bind/1.1.1
    dev: false

  registry.nlark.com/magic-string/0.25.7:
    resolution: {integrity: sha1-P0l9b9NMZpxnmNy4IfLvMfVEUFE=, registry: http://registry.npm.taobao.org/, tarball: https://registry.nlark.com/magic-string/download/magic-string-0.25.7.tgz}
    name: magic-string
    version: 0.25.7
    dependencies:
      sourcemap-codec: registry.nlark.com/sourcemap-codec/1.4.8
    dev: false

  registry.nlark.com/path-parse/1.0.7:
    resolution: {integrity: sha1-+8EUtgykKzDZ2vWFjkvWi77bZzU=, registry: http://registry.npm.taobao.org/, tarball: https://registry.nlark.com/path-parse/download/path-parse-1.0.7.tgz}
    name: path-parse
    version: 1.0.7
    dev: false

  registry.nlark.com/prismjs/1.25.0:
    resolution: {integrity: sha1-b4It8b2tllc0sxCzFaIzFc+Zl1Y=, registry: http://registry.npm.taobao.org/, tarball: https://registry.nlark.com/prismjs/download/prismjs-1.25.0.tgz}
    name: prismjs
    version: 1.25.0
    dev: false

  registry.nlark.com/resolve/1.20.0:
    resolution: {integrity: sha1-YpoBP7P3B1XW8LeTXMHCxTeLGXU=, registry: http://registry.npm.taobao.org/, tarball: https://registry.nlark.com/resolve/download/resolve-1.20.0.tgz}
    name: resolve
    version: 1.20.0
    dependencies:
      is-core-module: registry.npmmirror.com/is-core-module/2.8.0
      path-parse: registry.nlark.com/path-parse/1.0.7
    dev: false

  registry.nlark.com/source-map/0.6.1:
    resolution: {integrity: sha1-dHIq8y6WFOnCh6jQu95IteLxomM=, registry: http://registry.npm.taobao.org/, tarball: https://registry.nlark.com/source-map/download/source-map-0.6.1.tgz}
    name: source-map
    version: 0.6.1
    engines: {node: '>=0.10.0'}
    dev: false

  registry.nlark.com/sourcemap-codec/1.4.8:
    resolution: {integrity: sha1-6oBL2UhXQC5pktBaOO8a41qatMQ=, registry: http://registry.npm.taobao.org/, tarball: https://registry.nlark.com/sourcemap-codec/download/sourcemap-codec-1.4.8.tgz}
    name: sourcemap-codec
    version: 1.4.8
    dev: false

  registry.npmmirror.com/@algolia/cache-browser-local-storage/4.11.0:
    resolution: {integrity: sha1-HBaK3QCzmKhg22yGA54zsoQ6lCU=, registry: http://registry.npm.taobao.org/, tarball: https://registry.npmmirror.com/@algolia/cache-browser-local-storage/download/@algolia/cache-browser-local-storage-4.11.0.tgz}
    name: '@algolia/cache-browser-local-storage'
    version: 4.11.0
    dependencies:
      '@algolia/cache-common': registry.npmmirror.com/@algolia/cache-common/4.11.0
    dev: false

  registry.npmmirror.com/@algolia/cache-common/4.11.0:
    resolution: {integrity: sha1-Bm/m1YsY5LAo2++buN4HxeIqNZQ=, registry: http://registry.npm.taobao.org/, tarball: https://registry.npmmirror.com/@algolia/cache-common/download/@algolia/cache-common-4.11.0.tgz}
    name: '@algolia/cache-common'
    version: 4.11.0
    dev: false

  registry.npmmirror.com/@algolia/cache-in-memory/4.11.0:
    resolution: {integrity: sha1-djyMtlXm/SJhWI4EIU/KCVmsB8E=, registry: http://registry.npm.taobao.org/, tarball: https://registry.npmmirror.com/@algolia/cache-in-memory/download/@algolia/cache-in-memory-4.11.0.tgz}
    name: '@algolia/cache-in-memory'
    version: 4.11.0
    dependencies:
      '@algolia/cache-common': registry.npmmirror.com/@algolia/cache-common/4.11.0
    dev: false

  registry.npmmirror.com/@algolia/client-account/4.11.0:
    resolution: {integrity: sha1-Z/rdOwgCsBPrqqS0e7e6uuiSN04=, registry: http://registry.npm.taobao.org/, tarball: https://registry.npmmirror.com/@algolia/client-account/download/@algolia/client-account-4.11.0.tgz}
    name: '@algolia/client-account'
    version: 4.11.0
    dependencies:
      '@algolia/client-common': registry.npmmirror.com/@algolia/client-common/4.11.0
      '@algolia/client-search': registry.npmmirror.com/@algolia/client-search/4.11.0
      '@algolia/transporter': registry.npmmirror.com/@algolia/transporter/4.11.0
    dev: false

  registry.npmmirror.com/@algolia/client-analytics/4.11.0:
    resolution: {integrity: sha1-y9yBKCBeLadJyvx55UcI0UxBOXQ=, registry: http://registry.npm.taobao.org/, tarball: https://registry.npmmirror.com/@algolia/client-analytics/download/@algolia/client-analytics-4.11.0.tgz}
    name: '@algolia/client-analytics'
    version: 4.11.0
    dependencies:
      '@algolia/client-common': registry.npmmirror.com/@algolia/client-common/4.11.0
      '@algolia/client-search': registry.npmmirror.com/@algolia/client-search/4.11.0
      '@algolia/requester-common': registry.npmmirror.com/@algolia/requester-common/4.11.0
      '@algolia/transporter': registry.npmmirror.com/@algolia/transporter/4.11.0
    dev: false

  registry.npmmirror.com/@algolia/client-common/4.11.0:
    resolution: {integrity: sha1-mi0fb46q0lul1tTOMHulvYTm+Zk=, registry: http://registry.npm.taobao.org/, tarball: https://registry.npmmirror.com/@algolia/client-common/download/@algolia/client-common-4.11.0.tgz}
    name: '@algolia/client-common'
    version: 4.11.0
    dependencies:
      '@algolia/requester-common': registry.npmmirror.com/@algolia/requester-common/4.11.0
      '@algolia/transporter': registry.npmmirror.com/@algolia/transporter/4.11.0
    dev: false

  registry.npmmirror.com/@algolia/client-personalization/4.11.0:
    resolution: {integrity: sha1-078Odg+F34drS69bgZlvCqOlmUA=, registry: http://registry.npm.taobao.org/, tarball: https://registry.npmmirror.com/@algolia/client-personalization/download/@algolia/client-personalization-4.11.0.tgz}
    name: '@algolia/client-personalization'
    version: 4.11.0
    dependencies:
      '@algolia/client-common': registry.npmmirror.com/@algolia/client-common/4.11.0
      '@algolia/requester-common': registry.npmmirror.com/@algolia/requester-common/4.11.0
      '@algolia/transporter': registry.npmmirror.com/@algolia/transporter/4.11.0
    dev: false

  registry.npmmirror.com/@algolia/client-search/4.11.0:
    resolution: {integrity: sha1-wRBdcVoqBLonIx7KhvXWYg9o9K4=, registry: http://registry.npm.taobao.org/, tarball: https://registry.npmmirror.com/@algolia/client-search/download/@algolia/client-search-4.11.0.tgz}
    name: '@algolia/client-search'
    version: 4.11.0
    dependencies:
      '@algolia/client-common': registry.npmmirror.com/@algolia/client-common/4.11.0
      '@algolia/requester-common': registry.npmmirror.com/@algolia/requester-common/4.11.0
      '@algolia/transporter': registry.npmmirror.com/@algolia/transporter/4.11.0
    dev: false

  registry.npmmirror.com/@algolia/logger-common/4.11.0:
    resolution: {integrity: sha1-usHC1Z0p3uN4tXQSyO3UNbl95mM=, registry: http://registry.npm.taobao.org/, tarball: https://registry.npmmirror.com/@algolia/logger-common/download/@algolia/logger-common-4.11.0.tgz}
    name: '@algolia/logger-common'
    version: 4.11.0
    dev: false

  registry.npmmirror.com/@algolia/logger-console/4.11.0:
    resolution: {integrity: sha1-ztGeOrsi63gu1SaNUe+1qp7xCe8=, registry: http://registry.npm.taobao.org/, tarball: https://registry.npmmirror.com/@algolia/logger-console/download/@algolia/logger-console-4.11.0.tgz}
    name: '@algolia/logger-console'
    version: 4.11.0
    dependencies:
      '@algolia/logger-common': registry.npmmirror.com/@algolia/logger-common/4.11.0
    dev: false

  registry.npmmirror.com/@algolia/requester-browser-xhr/4.11.0:
    resolution: {integrity: sha1-+eGtVvGFQyqo3ejK1Tricf1dYYE=, registry: http://registry.npm.taobao.org/, tarball: https://registry.npmmirror.com/@algolia/requester-browser-xhr/download/@algolia/requester-browser-xhr-4.11.0.tgz}
    name: '@algolia/requester-browser-xhr'
    version: 4.11.0
    dependencies:
      '@algolia/requester-common': registry.npmmirror.com/@algolia/requester-common/4.11.0
    dev: false

  registry.npmmirror.com/@algolia/requester-common/4.11.0:
    resolution: {integrity: sha1-0W3pjT/3JDS6w55NkV6rCANZRqk=, registry: http://registry.npm.taobao.org/, tarball: https://registry.npmmirror.com/@algolia/requester-common/download/@algolia/requester-common-4.11.0.tgz}
    name: '@algolia/requester-common'
    version: 4.11.0
    dev: false

  registry.npmmirror.com/@algolia/requester-node-http/4.11.0:
    resolution: {integrity: sha1-vrK2to1fTOFa7IDt5iPwrJaZE2g=, registry: http://registry.npm.taobao.org/, tarball: https://registry.npmmirror.com/@algolia/requester-node-http/download/@algolia/requester-node-http-4.11.0.tgz}
    name: '@algolia/requester-node-http'
    version: 4.11.0
    dependencies:
      '@algolia/requester-common': registry.npmmirror.com/@algolia/requester-common/4.11.0
    dev: false

  registry.npmmirror.com/@algolia/transporter/4.11.0:
    resolution: {integrity: sha1-qN48FzCTzs6wKya1dzlc47PUuW8=, registry: http://registry.npm.taobao.org/, tarball: https://registry.npmmirror.com/@algolia/transporter/download/@algolia/transporter-4.11.0.tgz}
    name: '@algolia/transporter'
    version: 4.11.0
    dependencies:
      '@algolia/cache-common': registry.npmmirror.com/@algolia/cache-common/4.11.0
      '@algolia/logger-common': registry.npmmirror.com/@algolia/logger-common/4.11.0
      '@algolia/requester-common': registry.npmmirror.com/@algolia/requester-common/4.11.0
    dev: false

  registry.npmmirror.com/@babel/parser/7.16.3:
    resolution: {integrity: sha512-dcNwU1O4sx57ClvLBVFbEgx0UZWfd0JQX5X6fxFRCLHelFBGXFfSz6Y0FAq2PEwUqlqLkdVjVr4VASEOuUnLJw==, registry: http://registry.npm.taobao.org/, tarball: https://registry.npmmirror.com/@babel/parser/download/@babel/parser-7.16.3.tgz}
    name: '@babel/parser'
    version: 7.16.3
    engines: {node: '>=6.0.0'}
    hasBin: true
    dev: false

  registry.npmmirror.com/@docsearch/css/1.0.0-alpha.28:
    resolution: {integrity: sha1-yKLNjBuzpoVcUYkunb2rXUL+biM=, registry: http://registry.npm.taobao.org/, tarball: https://registry.npmmirror.com/@docsearch/css/download/@docsearch/css-1.0.0-alpha.28.tgz}
    name: '@docsearch/css'
    version: 1.0.0-alpha.28
    dev: false

  registry.npmmirror.com/@docsearch/js/1.0.0-alpha.28:
    resolution: {integrity: sha1-8P3nuKax4dinrh52VcQ9lZtFeys=, registry: http://registry.npm.taobao.org/, tarball: https://registry.npmmirror.com/@docsearch/js/download/@docsearch/js-1.0.0-alpha.28.tgz}
    name: '@docsearch/js'
    version: 1.0.0-alpha.28
    dependencies:
      '@docsearch/react': registry.npmmirror.com/@docsearch/react/1.0.0-alpha.28
      preact: registry.npmmirror.com/preact/10.5.15
    transitivePeerDependencies:
      - react
      - react-dom
    dev: false

  registry.npmmirror.com/@docsearch/react/1.0.0-alpha.28:
    resolution: {integrity: sha1-TwOe15+LMzKxmldneyGa68UBDp0=, registry: http://registry.npm.taobao.org/, tarball: https://registry.npmmirror.com/@docsearch/react/download/@docsearch/react-1.0.0-alpha.28.tgz}
    name: '@docsearch/react'
    version: 1.0.0-alpha.28
    peerDependencies:
      react: ^16.8.0
      react-dom: ^16.8.0
    dependencies:
      '@docsearch/css': registry.npmmirror.com/@docsearch/css/1.0.0-alpha.28
      '@francoischalifour/autocomplete-core': registry.nlark.com/@francoischalifour/autocomplete-core/1.0.0-alpha.28
      '@francoischalifour/autocomplete-preset-algolia': registry.nlark.com/@francoischalifour/autocomplete-preset-algolia/1.0.0-alpha.28
      algoliasearch: registry.npmmirror.com/algoliasearch/4.11.0
    dev: false

  registry.npmmirror.com/@vitejs/plugin-vue/1.9.4_vite@2.6.14:
    resolution: {integrity: sha1-T0hIVDLLuYap+50lTcM84w3cy/o=, registry: http://registry.npm.taobao.org/, tarball: https://registry.npmmirror.com/@vitejs/plugin-vue/download/@vitejs/plugin-vue-1.9.4.tgz?cache=0&sync_timestamp=1635477969996&other_urls=https%3A%2F%2Fregistry.npmmirror.com%2F%40vitejs%2Fplugin-vue%2Fdownload%2F%40vitejs%2Fplugin-vue-1.9.4.tgz}
    id: registry.npmmirror.com/@vitejs/plugin-vue/1.9.4
    name: '@vitejs/plugin-vue'
    version: 1.9.4
    engines: {node: '>=12.0.0'}
    peerDependencies:
      vite: ^2.5.10
    dependencies:
      vite: registry.npmmirror.com/vite/2.6.14
    dev: false

  registry.npmmirror.com/@vue/compiler-core/3.2.22:
    resolution: {integrity: sha512-uAkovrVeTcjzpiM4ECmVaMrv/bjdgAaLzvjcGqQPBEyUrcqsCgccT9fHJ/+hWVGhyMahmBwLqcn4guULNx7sdw==, registry: http://registry.npm.taobao.org/, tarball: https://registry.npmmirror.com/@vue/compiler-core/download/@vue/compiler-core-3.2.22.tgz}
    name: '@vue/compiler-core'
    version: 3.2.22
    dependencies:
      '@babel/parser': registry.npmmirror.com/@babel/parser/7.16.3
      '@vue/shared': registry.npmmirror.com/@vue/shared/3.2.22
      estree-walker: registry.nlark.com/estree-walker/2.0.2
      source-map: registry.nlark.com/source-map/0.6.1
    dev: false

  registry.npmmirror.com/@vue/compiler-dom/3.2.22:
    resolution: {integrity: sha512-VZdsw/VuO1ODs8K7NQwnMQzKITDkIFlYYC03SVnunuf6eNRxBPEonSyqbWNoo6qNaHAEBTG6VVcZC5xC9bAx1g==, registry: http://registry.npm.taobao.org/, tarball: https://registry.npmmirror.com/@vue/compiler-dom/download/@vue/compiler-dom-3.2.22.tgz}
    name: '@vue/compiler-dom'
    version: 3.2.22
    dependencies:
      '@vue/compiler-core': registry.npmmirror.com/@vue/compiler-core/3.2.22
      '@vue/shared': registry.npmmirror.com/@vue/shared/3.2.22
    dev: false

  registry.npmmirror.com/@vue/compiler-sfc/3.2.22:
    resolution: {integrity: sha512-tWRQ5ge1tsTDhUwHgueicKJ8rYm6WUVAPTaIpFW3GSwZKcOEJ2rXdfkHFShNVGupeRALz2ET2H84OL0GeRxY0A==, registry: http://registry.npm.taobao.org/, tarball: https://registry.npmmirror.com/@vue/compiler-sfc/download/@vue/compiler-sfc-3.2.22.tgz}
    name: '@vue/compiler-sfc'
    version: 3.2.22
    dependencies:
      '@babel/parser': registry.npmmirror.com/@babel/parser/7.16.3
      '@vue/compiler-core': registry.npmmirror.com/@vue/compiler-core/3.2.22
      '@vue/compiler-dom': registry.npmmirror.com/@vue/compiler-dom/3.2.22
      '@vue/compiler-ssr': registry.npmmirror.com/@vue/compiler-ssr/3.2.22
      '@vue/ref-transform': registry.npmmirror.com/@vue/ref-transform/3.2.22
      '@vue/shared': registry.npmmirror.com/@vue/shared/3.2.22
      estree-walker: registry.nlark.com/estree-walker/2.0.2
      magic-string: registry.nlark.com/magic-string/0.25.7
      postcss: registry.npmmirror.com/postcss/8.3.11
      source-map: registry.nlark.com/source-map/0.6.1
    dev: false

  registry.npmmirror.com/@vue/compiler-ssr/3.2.22:
    resolution: {integrity: sha512-Cl6aoLJtXzzBkk1sKod8S0WBJLts3+ugVC91d22gGpbkw/64WnF12tOZi7Rg54PPLi1NovqyNWPsLH/SAFcu+w==, registry: http://registry.npm.taobao.org/, tarball: https://registry.npmmirror.com/@vue/compiler-ssr/download/@vue/compiler-ssr-3.2.22.tgz}
    name: '@vue/compiler-ssr'
    version: 3.2.22
    dependencies:
      '@vue/compiler-dom': registry.npmmirror.com/@vue/compiler-dom/3.2.22
      '@vue/shared': registry.npmmirror.com/@vue/shared/3.2.22
    dev: false

  registry.npmmirror.com/@vue/reactivity/3.2.22:
    resolution: {integrity: sha512-xNkLAItjI0xB+lFeDgKCrSItmrHTaAzSnt8LmdSCPQnDyarmzbi/u4ESQnckWvlL7lSRKiEaOvblaNyqAa7OnQ==, registry: http://registry.npm.taobao.org/, tarball: https://registry.npmmirror.com/@vue/reactivity/download/@vue/reactivity-3.2.22.tgz}
    name: '@vue/reactivity'
    version: 3.2.22
    dependencies:
      '@vue/shared': registry.npmmirror.com/@vue/shared/3.2.22
    dev: false

  registry.npmmirror.com/@vue/ref-transform/3.2.22:
    resolution: {integrity: sha512-qalVWbq5xWWxLZ0L9OroBg/JZhzavQuCcDXblfErxyDEH6Xc5gIJ4feo1SVCICFzhAUgLgQTdSFLpgjBawbFpw==, registry: http://registry.npm.taobao.org/, tarball: https://registry.npmmirror.com/@vue/ref-transform/download/@vue/ref-transform-3.2.22.tgz}
    name: '@vue/ref-transform'
    version: 3.2.22
    dependencies:
      '@babel/parser': registry.npmmirror.com/@babel/parser/7.16.3
      '@vue/compiler-core': registry.npmmirror.com/@vue/compiler-core/3.2.22
      '@vue/shared': registry.npmmirror.com/@vue/shared/3.2.22
      estree-walker: registry.nlark.com/estree-walker/2.0.2
      magic-string: registry.nlark.com/magic-string/0.25.7
    dev: false

  registry.npmmirror.com/@vue/runtime-core/3.2.22:
    resolution: {integrity: sha512-e7WOC55wmHPvmoVUk9VBe/Z9k5bJfWJfVIlkUkiADJn0bOgQD29oh/GS14Kb3aEJXIHLI17Em6+HxNut1sIh7Q==, registry: http://registry.npm.taobao.org/, tarball: https://registry.npmmirror.com/@vue/runtime-core/download/@vue/runtime-core-3.2.22.tgz}
    name: '@vue/runtime-core'
    version: 3.2.22
    dependencies:
      '@vue/reactivity': registry.npmmirror.com/@vue/reactivity/3.2.22
      '@vue/shared': registry.npmmirror.com/@vue/shared/3.2.22
    dev: false

  registry.npmmirror.com/@vue/runtime-dom/3.2.22:
    resolution: {integrity: sha512-w7VHYJoliLRTLc5beN77wxuOjla4v9wr2FF22xpZFYBmH4U1V7HkYhoHc1BTuNghI15CXT1tNIMhibI1nrQgdw==, registry: http://registry.npm.taobao.org/, tarball: https://registry.npmmirror.com/@vue/runtime-dom/download/@vue/runtime-dom-3.2.22.tgz}
    name: '@vue/runtime-dom'
    version: 3.2.22
    dependencies:
      '@vue/runtime-core': registry.npmmirror.com/@vue/runtime-core/3.2.22
      '@vue/shared': registry.npmmirror.com/@vue/shared/3.2.22
      csstype: registry.npmmirror.com/csstype/2.6.18
    dev: false

  registry.npmmirror.com/@vue/server-renderer/3.2.22_vue@3.2.22:
    resolution: {integrity: sha512-jCwbQgKPXiXoH9VS9F7K+gyEvEMrjutannwEZD1R8fQ9szmOTqC+RRbIY3Uf2ibQjZtZ8DV9a4FjxICvd9zZlQ==, registry: http://registry.npm.taobao.org/, tarball: https://registry.npmmirror.com/@vue/server-renderer/download/@vue/server-renderer-3.2.22.tgz}
    id: registry.npmmirror.com/@vue/server-renderer/3.2.22
    name: '@vue/server-renderer'
    version: 3.2.22
    peerDependencies:
      vue: 3.2.22
    dependencies:
      '@vue/compiler-ssr': registry.npmmirror.com/@vue/compiler-ssr/3.2.22
      '@vue/shared': registry.npmmirror.com/@vue/shared/3.2.22
      vue: registry.npmmirror.com/vue/3.2.22
    dev: false

  registry.npmmirror.com/@vue/shared/3.2.22:
    resolution: {integrity: sha512-qWVav014mpjEtbWbEgl0q9pEyrrIySKum8UVYjwhC6njrKzknLZPvfuYdQyVbApsqr94tf/3dP4pCuZmmjdCWQ==, registry: http://registry.npm.taobao.org/, tarball: https://registry.npmmirror.com/@vue/shared/download/@vue/shared-3.2.22.tgz}
    name: '@vue/shared'
    version: 3.2.22
    dev: false

  registry.npmmirror.com/algoliasearch/4.11.0:
    resolution: {integrity: sha1-I0vvs6w1XAlAd/Dt83dyQLHuATw=, registry: http://registry.npm.taobao.org/, tarball: https://registry.npmmirror.com/algoliasearch/download/algoliasearch-4.11.0.tgz}
    name: algoliasearch
    version: 4.11.0
    dependencies:
      '@algolia/cache-browser-local-storage': registry.npmmirror.com/@algolia/cache-browser-local-storage/4.11.0
      '@algolia/cache-common': registry.npmmirror.com/@algolia/cache-common/4.11.0
      '@algolia/cache-in-memory': registry.npmmirror.com/@algolia/cache-in-memory/4.11.0
      '@algolia/client-account': registry.npmmirror.com/@algolia/client-account/4.11.0
      '@algolia/client-analytics': registry.npmmirror.com/@algolia/client-analytics/4.11.0
      '@algolia/client-common': registry.npmmirror.com/@algolia/client-common/4.11.0
      '@algolia/client-personalization': registry.npmmirror.com/@algolia/client-personalization/4.11.0
      '@algolia/client-search': registry.npmmirror.com/@algolia/client-search/4.11.0
      '@algolia/logger-common': registry.npmmirror.com/@algolia/logger-common/4.11.0
      '@algolia/logger-console': registry.npmmirror.com/@algolia/logger-console/4.11.0
      '@algolia/requester-browser-xhr': registry.npmmirror.com/@algolia/requester-browser-xhr/4.11.0
      '@algolia/requester-common': registry.npmmirror.com/@algolia/requester-common/4.11.0
      '@algolia/requester-node-http': registry.npmmirror.com/@algolia/requester-node-http/4.11.0
      '@algolia/transporter': registry.npmmirror.com/@algolia/transporter/4.11.0
    dev: false

  registry.npmmirror.com/csstype/2.6.18:
    resolution: {integrity: sha1-mAqLUwhfNK8xNBCvBk8r0kF4Qhg=, registry: http://registry.npm.taobao.org/, tarball: https://registry.npmmirror.com/csstype/download/csstype-2.6.18.tgz?cache=0&sync_timestamp=1636974548139&other_urls=https%3A%2F%2Fregistry.npmmirror.com%2Fcsstype%2Fdownload%2Fcsstype-2.6.18.tgz}
    name: csstype
    version: 2.6.18
    dev: false

  registry.npmmirror.com/esbuild-android-arm64/0.13.14:
    resolution: {integrity: sha512-Q+Xhfp827r+ma8/DJgpMRUbDZfefsk13oePFEXEIJ4gxFbNv5+vyiYXYuKm43/+++EJXpnaYmEnu4hAKbAWYbA==, registry: http://registry.npm.taobao.org/, tarball: https://registry.npmmirror.com/esbuild-android-arm64/download/esbuild-android-arm64-0.13.14.tgz?cache=0&sync_timestamp=1637048209663&other_urls=https%3A%2F%2Fregistry.npmmirror.com%2Fesbuild-android-arm64%2Fdownload%2Fesbuild-android-arm64-0.13.14.tgz}
    name: esbuild-android-arm64
    version: 0.13.14
    cpu: [arm64]
    os: [android]
    requiresBuild: true
    dev: false
    optional: true

  registry.npmmirror.com/esbuild-darwin-64/0.13.14:
    resolution: {integrity: sha512-YmOhRns6QBNSjpVdTahi/yZ8dscx9ai7a6OY6z5ACgOuQuaQ2Qk2qgJ0/siZ6LgD0gJFMV8UINFV5oky5TFNQQ==, registry: http://registry.npm.taobao.org/, tarball: https://registry.npmmirror.com/esbuild-darwin-64/download/esbuild-darwin-64-0.13.14.tgz?cache=0&sync_timestamp=1637048197613&other_urls=https%3A%2F%2Fregistry.npmmirror.com%2Fesbuild-darwin-64%2Fdownload%2Fesbuild-darwin-64-0.13.14.tgz}
    name: esbuild-darwin-64
    version: 0.13.14
    cpu: [x64]
    os: [darwin]
    requiresBuild: true
    dev: false
    optional: true

  registry.npmmirror.com/esbuild-darwin-arm64/0.13.14:
    resolution: {integrity: sha512-Lp00VTli2jqZghSa68fx3fEFCPsO1hK59RMo1PRap5RUjhf55OmaZTZYnCDI0FVlCtt+gBwX5qwFt4lc6tI1xg==, registry: http://registry.npm.taobao.org/, tarball: https://registry.npmmirror.com/esbuild-darwin-arm64/download/esbuild-darwin-arm64-0.13.14.tgz?cache=0&sync_timestamp=1637048109108&other_urls=https%3A%2F%2Fregistry.npmmirror.com%2Fesbuild-darwin-arm64%2Fdownload%2Fesbuild-darwin-arm64-0.13.14.tgz}
    name: esbuild-darwin-arm64
    version: 0.13.14
    cpu: [arm64]
    os: [darwin]
    requiresBuild: true
    dev: false
    optional: true

  registry.npmmirror.com/esbuild-freebsd-64/0.13.14:
    resolution: {integrity: sha512-BKosI3jtvTfnmsCW37B1TyxMUjkRWKqopR0CE9AF2ratdpkxdR24Vpe3gLKNyWiZ7BE96/SO5/YfhbPUzY8wKw==, registry: http://registry.npm.taobao.org/, tarball: https://registry.npmmirror.com/esbuild-freebsd-64/download/esbuild-freebsd-64-0.13.14.tgz?cache=0&sync_timestamp=1637048108977&other_urls=https%3A%2F%2Fregistry.npmmirror.com%2Fesbuild-freebsd-64%2Fdownload%2Fesbuild-freebsd-64-0.13.14.tgz}
    name: esbuild-freebsd-64
    version: 0.13.14
    cpu: [x64]
    os: [freebsd]
    requiresBuild: true
    dev: false
    optional: true

  registry.npmmirror.com/esbuild-freebsd-arm64/0.13.14:
    resolution: {integrity: sha512-yd2uh0yf+fWv5114+SYTl4/1oDWtr4nN5Op+PGxAkMqHfYfLjFKpcxwCo/QOS/0NWqPVE8O41IYZlFhbEN2B8Q==, registry: http://registry.npm.taobao.org/, tarball: https://registry.npmmirror.com/esbuild-freebsd-arm64/download/esbuild-freebsd-arm64-0.13.14.tgz?cache=0&sync_timestamp=1637048108936&other_urls=https%3A%2F%2Fregistry.npmmirror.com%2Fesbuild-freebsd-arm64%2Fdownload%2Fesbuild-freebsd-arm64-0.13.14.tgz}
    name: esbuild-freebsd-arm64
    version: 0.13.14
    cpu: [arm64]
    os: [freebsd]
    requiresBuild: true
    dev: false
    optional: true

  registry.npmmirror.com/esbuild-linux-32/0.13.14:
    resolution: {integrity: sha512-a8rOnS1oWSfkkYWXoD2yXNV4BdbDKA7PNVQ1klqkY9SoSApL7io66w5H44mTLsfyw7G6Z2vLlaLI2nz9MMAowA==, registry: http://registry.npm.taobao.org/, tarball: https://registry.npmmirror.com/esbuild-linux-32/download/esbuild-linux-32-0.13.14.tgz?cache=0&sync_timestamp=1637048110575&other_urls=https%3A%2F%2Fregistry.npmmirror.com%2Fesbuild-linux-32%2Fdownload%2Fesbuild-linux-32-0.13.14.tgz}
    name: esbuild-linux-32
    version: 0.13.14
    cpu: [ia32]
    os: [linux]
    requiresBuild: true
    dev: false
    optional: true

  registry.npmmirror.com/esbuild-linux-64/0.13.14:
    resolution: {integrity: sha512-yPZSoMs9W2MC3Dw+6kflKt5FfQm6Dicex9dGIr1OlHRsn3Hm7yGMUTctlkW53KknnZdOdcdd5upxvbxqymczVQ==, registry: http://registry.npm.taobao.org/, tarball: https://registry.npmmirror.com/esbuild-linux-64/download/esbuild-linux-64-0.13.14.tgz?cache=0&sync_timestamp=1637048111097&other_urls=https%3A%2F%2Fregistry.npmmirror.com%2Fesbuild-linux-64%2Fdownload%2Fesbuild-linux-64-0.13.14.tgz}
    name: esbuild-linux-64
    version: 0.13.14
    cpu: [x64]
    os: [linux]
    requiresBuild: true
    dev: false
    optional: true

  registry.npmmirror.com/esbuild-linux-arm/0.13.14:
    resolution: {integrity: sha512-8chZE4pkKRvJ/M/iwsNQ1KqsRg2RyU5eT/x2flNt/f8F2TVrDreR7I0HEeCR50wLla3B1C3wTIOzQBmjuc6uWg==, registry: http://registry.npm.taobao.org/, tarball: https://registry.npmmirror.com/esbuild-linux-arm/download/esbuild-linux-arm-0.13.14.tgz?cache=0&sync_timestamp=1637048110290&other_urls=https%3A%2F%2Fregistry.npmmirror.com%2Fesbuild-linux-arm%2Fdownload%2Fesbuild-linux-arm-0.13.14.tgz}
    name: esbuild-linux-arm
    version: 0.13.14
    cpu: [arm]
    os: [linux]
    requiresBuild: true
    dev: false
    optional: true

  registry.npmmirror.com/esbuild-linux-arm64/0.13.14:
    resolution: {integrity: sha512-Lvo391ln9PzC334e+jJ2S0Rt0cxP47eoH5gFyv/E8HhOnEJTvm7A+RRnMjjHnejELacTTfYgFGQYPjLsi/jObQ==, registry: http://registry.npm.taobao.org/, tarball: https://registry.npmmirror.com/esbuild-linux-arm64/download/esbuild-linux-arm64-0.13.14.tgz?cache=0&sync_timestamp=1637048111854&other_urls=https%3A%2F%2Fregistry.npmmirror.com%2Fesbuild-linux-arm64%2Fdownload%2Fesbuild-linux-arm64-0.13.14.tgz}
    name: esbuild-linux-arm64
    version: 0.13.14
    cpu: [arm64]
    os: [linux]
    requiresBuild: true
    dev: false
    optional: true

  registry.npmmirror.com/esbuild-linux-mips64le/0.13.14:
    resolution: {integrity: sha512-MZhgxbmrWbpY3TOE029O6l5tokG9+Yoj2hW7vdit/d/VnmneqeGrSHADuDL6qXM8L5jaCiaivb4VhsyVCpdAbQ==, registry: http://registry.npm.taobao.org/, tarball: https://registry.npmmirror.com/esbuild-linux-mips64le/download/esbuild-linux-mips64le-0.13.14.tgz?cache=0&sync_timestamp=1637048112211&other_urls=https%3A%2F%2Fregistry.npmmirror.com%2Fesbuild-linux-mips64le%2Fdownload%2Fesbuild-linux-mips64le-0.13.14.tgz}
    name: esbuild-linux-mips64le
    version: 0.13.14
    cpu: [mips64el]
    os: [linux]
    requiresBuild: true
    dev: false
    optional: true

  registry.npmmirror.com/esbuild-linux-ppc64le/0.13.14:
    resolution: {integrity: sha512-un7KMwS7fX1Un6BjfSZxTT8L5cV/8Uf4SAhM7WYy2XF8o8TI+uRxxD03svZnRNIPsN2J5cl6qV4n7Iwz+yhhVw==, registry: http://registry.npm.taobao.org/, tarball: https://registry.npmmirror.com/esbuild-linux-ppc64le/download/esbuild-linux-ppc64le-0.13.14.tgz?cache=0&sync_timestamp=1637048111544&other_urls=https%3A%2F%2Fregistry.npmmirror.com%2Fesbuild-linux-ppc64le%2Fdownload%2Fesbuild-linux-ppc64le-0.13.14.tgz}
    name: esbuild-linux-ppc64le
    version: 0.13.14
    cpu: [ppc64]
    os: [linux]
    requiresBuild: true
    dev: false
    optional: true

  registry.npmmirror.com/esbuild-netbsd-64/0.13.14:
    resolution: {integrity: sha512-5ekKx/YbOmmlTeNxBjh38Uh5TGn5C4uyqN17i67k18pS3J+U2hTVD7rCxcFcRS1AjNWumkVL3jWqYXadFwMS0Q==, registry: http://registry.npm.taobao.org/, tarball: https://registry.npmmirror.com/esbuild-netbsd-64/download/esbuild-netbsd-64-0.13.14.tgz?cache=0&sync_timestamp=1637048108618&other_urls=https%3A%2F%2Fregistry.npmmirror.com%2Fesbuild-netbsd-64%2Fdownload%2Fesbuild-netbsd-64-0.13.14.tgz}
    name: esbuild-netbsd-64
    version: 0.13.14
    cpu: [x64]
    os: [netbsd]
    requiresBuild: true
    dev: false
    optional: true

  registry.npmmirror.com/esbuild-openbsd-64/0.13.14:
    resolution: {integrity: sha512-9bzvwewHjct2Cv5XcVoE1yW5YTW12Sk838EYfA46abgnhxGoFSD1mFcaztp5HHC43AsF+hQxbSFG/RilONARUA==, registry: http://registry.npm.taobao.org/, tarball: https://registry.npmmirror.com/esbuild-openbsd-64/download/esbuild-openbsd-64-0.13.14.tgz?cache=0&sync_timestamp=1637048108638&other_urls=https%3A%2F%2Fregistry.npmmirror.com%2Fesbuild-openbsd-64%2Fdownload%2Fesbuild-openbsd-64-0.13.14.tgz}
    name: esbuild-openbsd-64
    version: 0.13.14
    cpu: [x64]
    os: [openbsd]
    requiresBuild: true
    dev: false
    optional: true

  registry.npmmirror.com/esbuild-sunos-64/0.13.14:
    resolution: {integrity: sha512-mjMrZB76M6FmoiTvj/RGWilrioR7gVwtFBRVugr9qLarXMIU1W/pQx+ieEOtflrW61xo8w1fcxyHsVVGRvoQ0w==, registry: http://registry.npm.taobao.org/, tarball: https://registry.npmmirror.com/esbuild-sunos-64/download/esbuild-sunos-64-0.13.14.tgz?cache=0&sync_timestamp=1637048203303&other_urls=https%3A%2F%2Fregistry.npmmirror.com%2Fesbuild-sunos-64%2Fdownload%2Fesbuild-sunos-64-0.13.14.tgz}
    name: esbuild-sunos-64
    version: 0.13.14
    cpu: [x64]
    os: [sunos]
    requiresBuild: true
    dev: false
    optional: true

  registry.npmmirror.com/esbuild-windows-32/0.13.14:
    resolution: {integrity: sha512-GZa6mrx2rgfbH/5uHg0Rdw50TuOKbdoKCpEBitzmG5tsXBdce+cOL+iFO5joZc6fDVCLW3Y6tjxmSXRk/v20Hg==, registry: http://registry.npm.taobao.org/, tarball: https://registry.npmmirror.com/esbuild-windows-32/download/esbuild-windows-32-0.13.14.tgz?cache=0&sync_timestamp=1637048113084&other_urls=https%3A%2F%2Fregistry.npmmirror.com%2Fesbuild-windows-32%2Fdownload%2Fesbuild-windows-32-0.13.14.tgz}
    name: esbuild-windows-32
    version: 0.13.14
    cpu: [ia32]
    os: [win32]
    requiresBuild: true
    dev: false
    optional: true

  registry.npmmirror.com/esbuild-windows-64/0.13.14:
    resolution: {integrity: sha512-Lsgqah24bT7ClHjLp/Pj3A9wxjhIAJyWQcrOV4jqXAFikmrp2CspA8IkJgw7HFjx6QrJuhpcKVbCAe/xw0i2yw==, registry: http://registry.npm.taobao.org/, tarball: https://registry.npmmirror.com/esbuild-windows-64/download/esbuild-windows-64-0.13.14.tgz?cache=0&sync_timestamp=1637048113574&other_urls=https%3A%2F%2Fregistry.npmmirror.com%2Fesbuild-windows-64%2Fdownload%2Fesbuild-windows-64-0.13.14.tgz}
    name: esbuild-windows-64
    version: 0.13.14
    cpu: [x64]
    os: [win32]
    requiresBuild: true
    dev: false
    optional: true

  registry.npmmirror.com/esbuild-windows-arm64/0.13.14:
    resolution: {integrity: sha512-KP8FHVlWGhM7nzYtURsGnskXb/cBCPTfj0gOKfjKq2tHtYnhDZywsUG57nk7TKhhK0fL11LcejHG3LRW9RF/9A==, registry: http://registry.npm.taobao.org/, tarball: https://registry.npmmirror.com/esbuild-windows-arm64/download/esbuild-windows-arm64-0.13.14.tgz?cache=0&sync_timestamp=1637048112927&other_urls=https%3A%2F%2Fregistry.npmmirror.com%2Fesbuild-windows-arm64%2Fdownload%2Fesbuild-windows-arm64-0.13.14.tgz}
    name: esbuild-windows-arm64
    version: 0.13.14
    cpu: [arm64]
    os: [win32]
    requiresBuild: true
    dev: false
    optional: true

  registry.npmmirror.com/esbuild/0.13.14:
    resolution: {integrity: sha512-xu4D+1ji9x53ocuomcY+KOrwAnWzhBu/wTEjpdgZ8I1c8i5vboYIeigMdzgY1UowYBKa2vZgVgUB32bu7gkxeg==, registry: http://registry.npm.taobao.org/, tarball: https://registry.npmmirror.com/esbuild/download/esbuild-0.13.14.tgz?cache=0&other_urls=https%3A%2F%2Fregistry.npmmirror.com%2Fesbuild%2Fdownload%2Fesbuild-0.13.14.tgz}
    name: esbuild
    version: 0.13.14
    hasBin: true
    requiresBuild: true
    optionalDependencies:
      esbuild-android-arm64: registry.npmmirror.com/esbuild-android-arm64/0.13.14
      esbuild-darwin-64: registry.npmmirror.com/esbuild-darwin-64/0.13.14
      esbuild-darwin-arm64: registry.npmmirror.com/esbuild-darwin-arm64/0.13.14
      esbuild-freebsd-64: registry.npmmirror.com/esbuild-freebsd-64/0.13.14
      esbuild-freebsd-arm64: registry.npmmirror.com/esbuild-freebsd-arm64/0.13.14
      esbuild-linux-32: registry.npmmirror.com/esbuild-linux-32/0.13.14
      esbuild-linux-64: registry.npmmirror.com/esbuild-linux-64/0.13.14
      esbuild-linux-arm: registry.npmmirror.com/esbuild-linux-arm/0.13.14
      esbuild-linux-arm64: registry.npmmirror.com/esbuild-linux-arm64/0.13.14
      esbuild-linux-mips64le: registry.npmmirror.com/esbuild-linux-mips64le/0.13.14
      esbuild-linux-ppc64le: registry.npmmirror.com/esbuild-linux-ppc64le/0.13.14
      esbuild-netbsd-64: registry.npmmirror.com/esbuild-netbsd-64/0.13.14
      esbuild-openbsd-64: registry.npmmirror.com/esbuild-openbsd-64/0.13.14
      esbuild-sunos-64: registry.npmmirror.com/esbuild-sunos-64/0.13.14
      esbuild-windows-32: registry.npmmirror.com/esbuild-windows-32/0.13.14
      esbuild-windows-64: registry.npmmirror.com/esbuild-windows-64/0.13.14
      esbuild-windows-arm64: registry.npmmirror.com/esbuild-windows-arm64/0.13.14
    dev: false

  registry.npmmirror.com/fsevents/2.3.2:
    resolution: {integrity: sha1-ilJveLj99GI7cJ4Ll1xSwkwC/Ro=, registry: http://registry.npm.taobao.org/, tarball: https://registry.npmmirror.com/fsevents/download/fsevents-2.3.2.tgz}
    name: fsevents
    version: 2.3.2
    engines: {node: ^8.16.0 || ^10.6.0 || >=11.0.0}
    os: [darwin]
    requiresBuild: true
    dev: false
    optional: true

  registry.npmmirror.com/is-core-module/2.8.0:
    resolution: {integrity: sha1-AyEzbD0JJeSX/Zf12VyxFKXM1Ug=, registry: http://registry.npm.taobao.org/, tarball: https://registry.npmmirror.com/is-core-module/download/is-core-module-2.8.0.tgz}
    name: is-core-module
    version: 2.8.0
    dependencies:
      has: registry.nlark.com/has/1.0.3
    dev: false

  registry.npmmirror.com/nanoid/3.1.30:
    resolution: {integrity: sha1-Y/k8xUjSoRPcXfvGO/oJ4rm2Q2I=, registry: http://registry.npm.taobao.org/, tarball: https://registry.npmmirror.com/nanoid/download/nanoid-3.1.30.tgz?cache=0&sync_timestamp=1634176297559&other_urls=https%3A%2F%2Fregistry.npmmirror.com%2Fnanoid%2Fdownload%2Fnanoid-3.1.30.tgz}
    name: nanoid
    version: 3.1.30
    engines: {node: ^10 || ^12 || ^13.7 || ^14 || >=15.0.1}
    hasBin: true
    dev: false

  registry.npmmirror.com/picocolors/1.0.0:
    resolution: {integrity: sha1-y1vcdP8/UYkiNur3nWi8RFZKuBw=, registry: http://registry.npm.taobao.org/, tarball: https://registry.npmmirror.com/picocolors/download/picocolors-1.0.0.tgz}
    name: picocolors
    version: 1.0.0
    dev: false

  registry.npmmirror.com/postcss/8.3.11:
    resolution: {integrity: sha1-w77KfqgRzV4cSj7G0udZnvH4+Fg=, registry: http://registry.npm.taobao.org/, tarball: https://registry.npmmirror.com/postcss/download/postcss-8.3.11.tgz}
    name: postcss
    version: 8.3.11
    engines: {node: ^10 || ^12 || >=14}
    dependencies:
      nanoid: registry.npmmirror.com/nanoid/3.1.30
      picocolors: registry.npmmirror.com/picocolors/1.0.0
      source-map-js: registry.npmmirror.com/source-map-js/0.6.2
    dev: false

  registry.npmmirror.com/preact/10.5.15:
    resolution: {integrity: sha1-bflNiv7PP54Qp0L9jDYt2rRkIl8=, registry: http://registry.npm.taobao.org/, tarball: https://registry.npmmirror.com/preact/download/preact-10.5.15.tgz}
    name: preact
    version: 10.5.15
    dev: false

  registry.npmmirror.com/rollup/2.60.0:
    resolution: {integrity: sha512-cHdv9GWd58v58rdseC8e8XIaPUo8a9cgZpnCMMDGZFDZKEODOiPPEQFXLriWr/TjXzhPPmG5bkAztPsOARIcGQ==, registry: http://registry.npm.taobao.org/, tarball: https://registry.npmmirror.com/rollup/download/rollup-2.60.0.tgz}
    name: rollup
    version: 2.60.0
    engines: {node: '>=10.0.0'}
    hasBin: true
    optionalDependencies:
      fsevents: registry.npmmirror.com/fsevents/2.3.2
    dev: false

  registry.npmmirror.com/source-map-js/0.6.2:
    resolution: {integrity: sha1-C7XeYxtBz72mz7qL0FqA79/SOF4=, registry: http://registry.npm.taobao.org/, tarball: https://registry.npmmirror.com/source-map-js/download/source-map-js-0.6.2.tgz}
    name: source-map-js
    version: 0.6.2
    engines: {node: '>=0.10.0'}
    dev: false

  registry.npmmirror.com/vite/2.6.14:
    resolution: {integrity: sha512-2HA9xGyi+EhY2MXo0+A2dRsqsAG3eFNEVIo12olkWhOmc8LfiM+eMdrXf+Ruje9gdXgvSqjLI9freec1RUM5EA==, registry: http://registry.npm.taobao.org/, tarball: https://registry.npmmirror.com/vite/download/vite-2.6.14.tgz}
    name: vite
    version: 2.6.14
    engines: {node: '>=12.2.0'}
    hasBin: true
    peerDependencies:
      less: '*'
      sass: '*'
      stylus: '*'
    peerDependenciesMeta:
      less:
        optional: true
      sass:
        optional: true
      stylus:
        optional: true
    dependencies:
      esbuild: registry.npmmirror.com/esbuild/0.13.14
      postcss: registry.npmmirror.com/postcss/8.3.11
      resolve: registry.nlark.com/resolve/1.20.0
      rollup: registry.npmmirror.com/rollup/2.60.0
    optionalDependencies:
      fsevents: registry.npmmirror.com/fsevents/2.3.2
    dev: false

  registry.npmmirror.com/vitepress/0.20.1:
    resolution: {integrity: sha1-NNOZUKUGKk76ViG+OnjABfZW+u4=, registry: http://registry.npm.taobao.org/, tarball: https://registry.npmmirror.com/vitepress/download/vitepress-0.20.1.tgz}
    name: vitepress
    version: 0.20.1
    engines: {node: '>=12.0.0'}
    hasBin: true
    dependencies:
      '@docsearch/css': registry.npmmirror.com/@docsearch/css/1.0.0-alpha.28
      '@docsearch/js': registry.npmmirror.com/@docsearch/js/1.0.0-alpha.28
      '@vitejs/plugin-vue': registry.npmmirror.com/@vitejs/plugin-vue/1.9.4_vite@2.6.14
      prismjs: registry.nlark.com/prismjs/1.25.0
      vite: registry.npmmirror.com/vite/2.6.14
      vue: registry.npmmirror.com/vue/3.2.22
    transitivePeerDependencies:
      - less
      - react
      - react-dom
      - sass
      - stylus
    dev: false

  registry.npmmirror.com/vue/3.2.22:
    resolution: {integrity: sha512-KD5nZpXVZquOC6926Xnp3zOvswrUyO9Rya7ZUoxWFQEjFDW4iACtwzubRB4Um2Om9kj6CaJOqAVRDSFlqLpdgw==, registry: http://registry.npm.taobao.org/, tarball: https://registry.npmmirror.com/vue/download/vue-3.2.22.tgz}
    name: vue
    version: 3.2.22
    dependencies:
      '@vue/compiler-dom': registry.npmmirror.com/@vue/compiler-dom/3.2.22
      '@vue/compiler-sfc': registry.npmmirror.com/@vue/compiler-sfc/3.2.22
      '@vue/runtime-dom': registry.npmmirror.com/@vue/runtime-dom/3.2.22
      '@vue/server-renderer': registry.npmmirror.com/@vue/server-renderer/3.2.22_vue@3.2.22
      '@vue/shared': registry.npmmirror.com/@vue/shared/3.2.22
    dev: false
